
Microsoft Visual Studio Solution File, Format Version 11.00
# Visual Studio 2010
Project("{FAE04EC0-301F-11D3-BF4B-00C04F79EFBC}") = "Westport", "Assembly-CSharp.csproj", "{11940125-3498-DC71-F5EF-1C893F062BFB}"
EndProject
Global
	GlobalSection(SolutionConfigurationPlatforms) = preSolution
		Debug|Any CPU = Debug|Any CPU
		Release|Any CPU = Release|Any CPU
	EndGlobalSection
	GlobalSection(ProjectConfigurationPlatforms) = postSolution
		{11940125-3498-DC71-F5EF-1C893F062BFB}.Debug|Any CPU.ActiveCfg = Debug|Any CPU
		{11940125-3498-DC71-F5EF-1C893F062BFB}.Debug|Any CPU.Build.0 = Debug|Any CPU
		{11940125-3498-DC71-F5EF-1C893F062BFB}.Release|Any CPU.ActiveCfg = Release|Any CPU
		{11940125-3498-DC71-F5EF-1C893F062BFB}.Release|Any CPU.Build.0 = Release|Any CPU
	EndGlobalSection
	GlobalSection(SolutionProperties) = preSolution
		HideSolutionNode = FALSE
	EndGlobalSection
	GlobalSection(MonoDevelopProperties) = preSolution
		StartupItem = Assembly-CSharp.csproj
	EndGlobalSection
EndGlobal
